
Microsoft Visual Studio Solution File, Format Version 12.00
# Visual Studio Version 16
VisualStudioVersion = 16.0.30128.74
MinimumVisualStudioVersion = 10.0.40219.1
Project("{FAE04EC0-301F-11D3-BF4B-00C04F79EFBC}") = "CatTweets", "CatTweets\CatTweets.csproj", "{40AF9598-6415-47DE-B83F-75158CD24540}"
EndProject
Global
	GlobalSection(SolutionConfigurationPlatforms) = preSolution
		Debug|Any CPU = Debug|Any CPU
		Release|Any CPU = Release|Any CPU
	EndGlobalSection
	GlobalSection(ProjectConfigurationPlatforms) = postSolution
		{40AF9598-6415-47DE-B83F-75158CD24540}.Debug|Any CPU.ActiveCfg = Debug|Any CPU
		{40AF9598-6415-47DE-B83F-75158CD24540}.Debug|Any CPU.Build.0 = Debug|Any CPU
		{40AF9598-6415-47DE-B83F-75158CD24540}.Release|Any CPU.ActiveCfg = Release|Any CPU
		{40AF9598-6415-47DE-B83F-75158CD24540}.Release|Any CPU.Build.0 = Release|Any CPU
	EndGlobalSection
	GlobalSection(SolutionProperties) = preSolution
		HideSolutionNode = FALSE
	EndGlobalSection
	GlobalSection(ExtensibilityGlobals) = postSolution
		SolutionGuid = {D3F326D9-7816-4CFD-B03B-B33F542400D1}
	EndGlobalSection
EndGlobal
